
Microsoft Visual Studio Solution File, Format Version 12.00
# Visual Studio Version 17
VisualStudioVersion = 17.7.34024.191
MinimumVisualStudioVersion = 10.0.40219.1
Project("{FAE04EC0-301F-11D3-BF4B-00C04F79EFBC}") = "QuanLiThueXeOto", "QuanLiThueXeOto.csproj", "{BDE1996E-33A7-443B-AA84-98A652BF7C7A}"
EndProject
Global
	GlobalSection(SolutionConfigurationPlatforms) = preSolution
		Debug|Any CPU = Debug|Any CPU
		Release|Any CPU = Release|Any CPU
	EndGlobalSection
	GlobalSection(ProjectConfigurationPlatforms) = postSolution
		{BDE1996E-33A7-443B-AA84-98A652BF7C7A}.Debug|Any CPU.ActiveCfg = Debug|Any CPU
		{BDE1996E-33A7-443B-AA84-98A652BF7C7A}.Debug|Any CPU.Build.0 = Debug|Any CPU
		{BDE1996E-33A7-443B-AA84-98A652BF7C7A}.Release|Any CPU.ActiveCfg = Release|Any CPU
		{BDE1996E-33A7-443B-AA84-98A652BF7C7A}.Release|Any CPU.Build.0 = Release|Any CPU
	EndGlobalSection
	GlobalSection(SolutionProperties) = preSolution
		HideSolutionNode = FALSE
	EndGlobalSection
	GlobalSection(ExtensibilityGlobals) = postSolution
		SolutionGuid = {C8A26FCC-76AF-4C8E-8D43-DB97E52ED082}
	EndGlobalSection
EndGlobal
